
Microsoft Visual Studio Solution File, Format Version 12.00
# Visual Studio 14
VisualStudioVersion = 14.0.25420.1
MinimumVisualStudioVersion = 10.0.40219.1
Project("{FAE04EC0-301F-11D3-BF4B-00C04F79EFBC}") = "Windsor.Extension", "Projects\Windsor.Extension\Windsor.Extension.csproj", "{67A9FF4D-81FE-4D1A-9D6B-F1430ADC980B}"
EndProject
Project("{2150E333-8FDC-42A3-9474-1A3956D46DE8}") = "Projects", "Projects", "{4562F014-0602-4435-B7B1-6FA33558F2C8}"
EndProject
Project("{2150E333-8FDC-42A3-9474-1A3956D46DE8}") = "Demos", "Demos", "{B6B6FA27-938F-41A3-B27E-F71247670794}"
EndProject
Project("{FAE04EC0-301F-11D3-BF4B-00C04F79EFBC}") = "Windsor.Extension.Demo", "Demos\Windsor.Extension.Demo\Windsor.Extension.Demo.csproj", "{44BD3352-0756-4471-9CAE-2E4DD8DB3AA1}"
EndProject
Project("{2150E333-8FDC-42A3-9474-1A3956D46DE8}") = "Tests", "Tests", "{B0CD7838-AB35-4B7E-B9E2-EBAF2EFFD119}"
EndProject
Global
	GlobalSection(SolutionConfigurationPlatforms) = preSolution
		Debug|Any CPU = Debug|Any CPU
		Release|Any CPU = Release|Any CPU
	EndGlobalSection
	GlobalSection(ProjectConfigurationPlatforms) = postSolution
		{67A9FF4D-81FE-4D1A-9D6B-F1430ADC980B}.Debug|Any CPU.ActiveCfg = Debug|Any CPU
		{67A9FF4D-81FE-4D1A-9D6B-F1430ADC980B}.Debug|Any CPU.Build.0 = Debug|Any CPU
		{67A9FF4D-81FE-4D1A-9D6B-F1430ADC980B}.Release|Any CPU.ActiveCfg = Release|Any CPU
		{67A9FF4D-81FE-4D1A-9D6B-F1430ADC980B}.Release|Any CPU.Build.0 = Release|Any CPU
		{44BD3352-0756-4471-9CAE-2E4DD8DB3AA1}.Debug|Any CPU.ActiveCfg = Debug|Any CPU
		{44BD3352-0756-4471-9CAE-2E4DD8DB3AA1}.Debug|Any CPU.Build.0 = Debug|Any CPU
		{44BD3352-0756-4471-9CAE-2E4DD8DB3AA1}.Release|Any CPU.ActiveCfg = Release|Any CPU
		{44BD3352-0756-4471-9CAE-2E4DD8DB3AA1}.Release|Any CPU.Build.0 = Release|Any CPU
	EndGlobalSection
	GlobalSection(SolutionProperties) = preSolution
		HideSolutionNode = FALSE
	EndGlobalSection
	GlobalSection(NestedProjects) = preSolution
		{67A9FF4D-81FE-4D1A-9D6B-F1430ADC980B} = {4562F014-0602-4435-B7B1-6FA33558F2C8}
		{44BD3352-0756-4471-9CAE-2E4DD8DB3AA1} = {B6B6FA27-938F-41A3-B27E-F71247670794}
	EndGlobalSection
EndGlobal
